
Microsoft Visual Studio Solution File, Format Version 12.00
Project("{FAE04EC0-301F-11D3-BF4B-00C04F79EFBC}") = "Auth.API", "Auth.API\Auth.API.csproj", "{362A727A-50BD-410B-8F6B-11A0A4437662}"
EndProject
Project("{2150E333-8FDC-42A3-9474-1A3956D46DE8}") = "Solution Items", "Solution Items", "{49D14E74-42AD-4BAF-A6C0-85F7D0BE50DD}"
	ProjectSection(SolutionItems) = preProject
		compose.yaml = compose.yaml
	EndProjectSection
EndProject
Global
	GlobalSection(SolutionConfigurationPlatforms) = preSolution
		Debug|Any CPU = Debug|Any CPU
		Release|Any CPU = Release|Any CPU
	EndGlobalSection
	GlobalSection(ProjectConfigurationPlatforms) = postSolution
		{362A727A-50BD-410B-8F6B-11A0A4437662}.Debug|Any CPU.ActiveCfg = Debug|Any CPU
		{362A727A-50BD-410B-8F6B-11A0A4437662}.Debug|Any CPU.Build.0 = Debug|Any CPU
		{362A727A-50BD-410B-8F6B-11A0A4437662}.Release|Any CPU.ActiveCfg = Release|Any CPU
		{362A727A-50BD-410B-8F6B-11A0A4437662}.Release|Any CPU.Build.0 = Release|Any CPU
	EndGlobalSection
EndGlobal
